
Microsoft Visual Studio Solution File, Format Version 12.00
# Visual Studio Version 16
VisualStudioVersion = 16.0.32106.194
MinimumVisualStudioVersion = 10.0.40219.1
Project("{8BC9CEB8-8B4A-11D0-8D11-00A0C91BC942}") = "Mini-projet", "Mini-projet.vcxproj", "{E57DA789-8491-480F-825C-E59A18B5194A}"
EndProject
Global
	GlobalSection(SolutionConfigurationPlatforms) = preSolution
		Debug|x64 = Debug|x64
		Debug|x86 = Debug|x86
		Release|x64 = Release|x64
		Release|x86 = Release|x86
	EndGlobalSection
	GlobalSection(ProjectConfigurationPlatforms) = postSolution
		{E57DA789-8491-480F-825C-E59A18B5194A}.Debug|x64.ActiveCfg = Debug|x64
		{E57DA789-8491-480F-825C-E59A18B5194A}.Debug|x64.Build.0 = Debug|x64
		{E57DA789-8491-480F-825C-E59A18B5194A}.Debug|x86.ActiveCfg = Debug|Win32
		{E57DA789-8491-480F-825C-E59A18B5194A}.Debug|x86.Build.0 = Debug|Win32
		{E57DA789-8491-480F-825C-E59A18B5194A}.Release|x64.ActiveCfg = Release|x64
		{E57DA789-8491-480F-825C-E59A18B5194A}.Release|x64.Build.0 = Release|x64
		{E57DA789-8491-480F-825C-E59A18B5194A}.Release|x86.ActiveCfg = Release|Win32
		{E57DA789-8491-480F-825C-E59A18B5194A}.Release|x86.Build.0 = Release|Win32
	EndGlobalSection
	GlobalSection(SolutionProperties) = preSolution
		HideSolutionNode = FALSE
	EndGlobalSection
	GlobalSection(ExtensibilityGlobals) = postSolution
		SolutionGuid = {BF237AC6-947B-437B-A6A5-C63B4FAF6586}
	EndGlobalSection
EndGlobal
